
Microsoft Visual Studio Solution File, Format Version 12.00
# Visual Studio Version 17
VisualStudioVersion = 17.1.32328.378
MinimumVisualStudioVersion = 10.0.40219.1
Project("{FAE04EC0-301F-11D3-BF4B-00C04F79EFBC}") = "EventsMarketPlace", "EventsMarketPlace\EventsMarketPlace.csproj", "{3A859216-AD5B-4207-95E5-A04941B5D10C}"
EndProject
Global
	GlobalSection(SolutionConfigurationPlatforms) = preSolution
		Debug|Any CPU = Debug|Any CPU
		Release|Any CPU = Release|Any CPU
	EndGlobalSection
	GlobalSection(ProjectConfigurationPlatforms) = postSolution
		{3A859216-AD5B-4207-95E5-A04941B5D10C}.Debug|Any CPU.ActiveCfg = Debug|Any CPU
		{3A859216-AD5B-4207-95E5-A04941B5D10C}.Debug|Any CPU.Build.0 = Debug|Any CPU
		{3A859216-AD5B-4207-95E5-A04941B5D10C}.Release|Any CPU.ActiveCfg = Release|Any CPU
		{3A859216-AD5B-4207-95E5-A04941B5D10C}.Release|Any CPU.Build.0 = Release|Any CPU
	EndGlobalSection
	GlobalSection(SolutionProperties) = preSolution
		HideSolutionNode = FALSE
	EndGlobalSection
	GlobalSection(ExtensibilityGlobals) = postSolution
		SolutionGuid = {647B84B4-CA4E-404E-ACD8-F330B31E4E76}
	EndGlobalSection
EndGlobal
